
Microsoft Visual Studio Solution File, Format Version 12.00
# Visual Studio Version 16
VisualStudioVersion = 16.0.31321.278
MinimumVisualStudioVersion = 10.0.40219.1
Project("{FAE04EC0-301F-11D3-BF4B-00C04F79EFBC}") = "RPGGAME", "RPGGAME.csproj", "{2B53A673-457F-4CE3-AABD-EDEC8CB24E41}"
EndProject
Global
	GlobalSection(SolutionConfigurationPlatforms) = preSolution
		Debug|Any CPU = Debug|Any CPU
		Release|Any CPU = Release|Any CPU
	EndGlobalSection
	GlobalSection(ProjectConfigurationPlatforms) = postSolution
		{2B53A673-457F-4CE3-AABD-EDEC8CB24E41}.Debug|Any CPU.ActiveCfg = Debug|Any CPU
		{2B53A673-457F-4CE3-AABD-EDEC8CB24E41}.Debug|Any CPU.Build.0 = Debug|Any CPU
		{2B53A673-457F-4CE3-AABD-EDEC8CB24E41}.Release|Any CPU.ActiveCfg = Release|Any CPU
		{2B53A673-457F-4CE3-AABD-EDEC8CB24E41}.Release|Any CPU.Build.0 = Release|Any CPU
	EndGlobalSection
	GlobalSection(SolutionProperties) = preSolution
		HideSolutionNode = FALSE
	EndGlobalSection
	GlobalSection(ExtensibilityGlobals) = postSolution
		SolutionGuid = {55624933-9626-47B5-95F2-C13DC28F68C0}
	EndGlobalSection
EndGlobal
